
Microsoft Visual Studio Solution File, Format Version 12.00
Project("{FAE04EC0-301F-11D3-BF4B-00C04F79EFBC}") = "Blackjack", "Blackjack\Blackjack.csproj", "{CFADD79B-9EC2-43F8-B2B5-E30A8FC6675D}"
EndProject
Project("{FAE04EC0-301F-11D3-BF4B-00C04F79EFBC}") = "Blackjack.Tests", "Blackjack.Tests\Blackjack.Tests.csproj", "{FCBB8547-4A3B-4CC8-806F-4C7F32C3BB93}"
EndProject
Global
	GlobalSection(SolutionConfigurationPlatforms) = preSolution
		Debug|Any CPU = Debug|Any CPU
		Release|Any CPU = Release|Any CPU
	EndGlobalSection
	GlobalSection(ProjectConfigurationPlatforms) = postSolution
		{CFADD79B-9EC2-43F8-B2B5-E30A8FC6675D}.Debug|Any CPU.ActiveCfg = Debug|Any CPU
		{CFADD79B-9EC2-43F8-B2B5-E30A8FC6675D}.Debug|Any CPU.Build.0 = Debug|Any CPU
		{CFADD79B-9EC2-43F8-B2B5-E30A8FC6675D}.Release|Any CPU.ActiveCfg = Release|Any CPU
		{CFADD79B-9EC2-43F8-B2B5-E30A8FC6675D}.Release|Any CPU.Build.0 = Release|Any CPU
		{FCBB8547-4A3B-4CC8-806F-4C7F32C3BB93}.Debug|Any CPU.ActiveCfg = Debug|Any CPU
		{FCBB8547-4A3B-4CC8-806F-4C7F32C3BB93}.Debug|Any CPU.Build.0 = Debug|Any CPU
		{FCBB8547-4A3B-4CC8-806F-4C7F32C3BB93}.Release|Any CPU.ActiveCfg = Release|Any CPU
		{FCBB8547-4A3B-4CC8-806F-4C7F32C3BB93}.Release|Any CPU.Build.0 = Release|Any CPU
	EndGlobalSection
EndGlobal
